
Microsoft Visual Studio Solution File, Format Version 12.00
# Visual Studio Version 17
VisualStudioVersion = 17.2.32630.192
MinimumVisualStudioVersion = 10.0.40219.1
Project("{2150E333-8FDC-42A3-9474-1A3956D46DE8}") = "Core", "Core", "{41BF40D7-532B-432D-9056-38C53160AEF3}"
EndProject
Project("{9A19103F-16F7-4668-BE54-9A1E7A4F7556}") = "ECommerceAPI.Domain", "Core\ECommerceAPI.Domain\ECommerceAPI.Domain.csproj", "{E4CF18AC-F405-44C7-915E-ABB03D373F3F}"
EndProject
Project("{2150E333-8FDC-42A3-9474-1A3956D46DE8}") = "Infrastructure", "Infrastructure", "{AC959029-216B-4732-9D68-DA6831AC8D79}"
EndProject
Project("{2150E333-8FDC-42A3-9474-1A3956D46DE8}") = "Presentation", "Presentation", "{7CDF0E82-E3B1-4893-A4E6-76CEBBCCEB2F}"
EndProject
Project("{FAE04EC0-301F-11D3-BF4B-00C04F79EFBC}") = "ECommerceAPI.Application", "Core\ECommerceAPI.Application\ECommerceAPI.Application\ECommerceAPI.Application.csproj", "{F23101A6-749F-4C73-BE6A-82D0B4043D08}"
EndProject
Project("{FAE04EC0-301F-11D3-BF4B-00C04F79EFBC}") = "ECommerceAPI.Infrastructure", "Infrastructure\ECommerceAPI.Infrastructure\ECommerceAPI.Infrastructure.csproj", "{8B9146D1-E0B8-42DA-8B42-FB9CB1B899BE}"
EndProject
Project("{FAE04EC0-301F-11D3-BF4B-00C04F79EFBC}") = "ECommerceAPI.Persistence", "Infrastructure\ECommerceAPI.Persistence\ECommerceAPI.Persistence.csproj", "{C8D78FB5-EBE7-4CB3-B7B4-99CF2E1DD357}"
EndProject
Project("{FAE04EC0-301F-11D3-BF4B-00C04F79EFBC}") = "ECommerceAPI.API", "Presentation\ECommerceAPI.API\ECommerceAPI.API.csproj", "{F958A50E-33C9-479C-BABE-3C1B7F357C14}"
EndProject
Global
	GlobalSection(SolutionConfigurationPlatforms) = preSolution
		Debug|Any CPU = Debug|Any CPU
		Release|Any CPU = Release|Any CPU
	EndGlobalSection
	GlobalSection(ProjectConfigurationPlatforms) = postSolution
		{E4CF18AC-F405-44C7-915E-ABB03D373F3F}.Debug|Any CPU.ActiveCfg = Debug|Any CPU
		{E4CF18AC-F405-44C7-915E-ABB03D373F3F}.Debug|Any CPU.Build.0 = Debug|Any CPU
		{E4CF18AC-F405-44C7-915E-ABB03D373F3F}.Release|Any CPU.ActiveCfg = Release|Any CPU
		{E4CF18AC-F405-44C7-915E-ABB03D373F3F}.Release|Any CPU.Build.0 = Release|Any CPU
		{F23101A6-749F-4C73-BE6A-82D0B4043D08}.Debug|Any CPU.ActiveCfg = Debug|Any CPU
		{F23101A6-749F-4C73-BE6A-82D0B4043D08}.Debug|Any CPU.Build.0 = Debug|Any CPU
		{F23101A6-749F-4C73-BE6A-82D0B4043D08}.Release|Any CPU.ActiveCfg = Release|Any CPU
		{F23101A6-749F-4C73-BE6A-82D0B4043D08}.Release|Any CPU.Build.0 = Release|Any CPU
		{8B9146D1-E0B8-42DA-8B42-FB9CB1B899BE}.Debug|Any CPU.ActiveCfg = Debug|Any CPU
		{8B9146D1-E0B8-42DA-8B42-FB9CB1B899BE}.Debug|Any CPU.Build.0 = Debug|Any CPU
		{8B9146D1-E0B8-42DA-8B42-FB9CB1B899BE}.Release|Any CPU.ActiveCfg = Release|Any CPU
		{8B9146D1-E0B8-42DA-8B42-FB9CB1B899BE}.Release|Any CPU.Build.0 = Release|Any CPU
		{C8D78FB5-EBE7-4CB3-B7B4-99CF2E1DD357}.Debug|Any CPU.ActiveCfg = Debug|Any CPU
		{C8D78FB5-EBE7-4CB3-B7B4-99CF2E1DD357}.Debug|Any CPU.Build.0 = Debug|Any CPU
		{C8D78FB5-EBE7-4CB3-B7B4-99CF2E1DD357}.Release|Any CPU.ActiveCfg = Release|Any CPU
		{C8D78FB5-EBE7-4CB3-B7B4-99CF2E1DD357}.Release|Any CPU.Build.0 = Release|Any CPU
		{F958A50E-33C9-479C-BABE-3C1B7F357C14}.Debug|Any CPU.ActiveCfg = Debug|Any CPU
		{F958A50E-33C9-479C-BABE-3C1B7F357C14}.Debug|Any CPU.Build.0 = Debug|Any CPU
		{F958A50E-33C9-479C-BABE-3C1B7F357C14}.Release|Any CPU.ActiveCfg = Release|Any CPU
		{F958A50E-33C9-479C-BABE-3C1B7F357C14}.Release|Any CPU.Build.0 = Release|Any CPU
	EndGlobalSection
	GlobalSection(SolutionProperties) = preSolution
		HideSolutionNode = FALSE
	EndGlobalSection
	GlobalSection(NestedProjects) = preSolution
		{E4CF18AC-F405-44C7-915E-ABB03D373F3F} = {41BF40D7-532B-432D-9056-38C53160AEF3}
		{F23101A6-749F-4C73-BE6A-82D0B4043D08} = {41BF40D7-532B-432D-9056-38C53160AEF3}
		{8B9146D1-E0B8-42DA-8B42-FB9CB1B899BE} = {AC959029-216B-4732-9D68-DA6831AC8D79}
		{C8D78FB5-EBE7-4CB3-B7B4-99CF2E1DD357} = {AC959029-216B-4732-9D68-DA6831AC8D79}
		{F958A50E-33C9-479C-BABE-3C1B7F357C14} = {7CDF0E82-E3B1-4893-A4E6-76CEBBCCEB2F}
	EndGlobalSection
	GlobalSection(ExtensibilityGlobals) = postSolution
		SolutionGuid = {29BB1E2F-93D7-4470-B97C-64EE797BC0F2}
	EndGlobalSection
EndGlobal
